
Microsoft Visual Studio Solution File, Format Version 12.00
# Visual Studio Version 16
VisualStudioVersion = 16.0.29709.97
MinimumVisualStudioVersion = 10.0.40219.1
Project("{9092AA53-FB77-4645-B42D-1CCCA6BD08BD}") = "BZKProxyAPI", "BZKProxyAPI.njsproj", "{552C3383-BAE5-458F-98B6-6F04A30F9C64}"
EndProject
Global
	GlobalSection(SolutionConfigurationPlatforms) = preSolution
		Debug|Any CPU = Debug|Any CPU
		Release|Any CPU = Release|Any CPU
	EndGlobalSection
	GlobalSection(ProjectConfigurationPlatforms) = postSolution
		{552C3383-BAE5-458F-98B6-6F04A30F9C64}.Debug|Any CPU.ActiveCfg = Debug|Any CPU
		{552C3383-BAE5-458F-98B6-6F04A30F9C64}.Debug|Any CPU.Build.0 = Debug|Any CPU
		{552C3383-BAE5-458F-98B6-6F04A30F9C64}.Release|Any CPU.ActiveCfg = Release|Any CPU
		{552C3383-BAE5-458F-98B6-6F04A30F9C64}.Release|Any CPU.Build.0 = Release|Any CPU
	EndGlobalSection
	GlobalSection(SolutionProperties) = preSolution
		HideSolutionNode = FALSE
	EndGlobalSection
	GlobalSection(ExtensibilityGlobals) = postSolution
		SolutionGuid = {ED38743D-F188-4057-AD2C-873A281CA7C0}
	EndGlobalSection
EndGlobal
